// !$*UTF8*$!
{
	archiveVersion = 1;
	classes = {
	};
	objectVersion = 50;
	objects = {

/* Begin PBXBuildFile section */
		73517740213D816E008E7BB1 /* AppDelegate.swift in Sources */ = {isa = PBXBuildFile; fileRef = 7351773F213D816E008E7BB1 /* AppDelegate.swift */; };
		73517742213D816E008E7BB1 /* ViewController.swift in Sources */ = {isa = PBXBuildFile; fileRef = 73517741213D816E008E7BB1 /* ViewController.swift */; };
		73517745213D816E008E7BB1 /* Main.storyboard in Resources */ = {isa = PBXBuildFile; fileRef = 73517743213D816E008E7BB1 /* Main.storyboard */; };
		73517747213D8170008E7BB1 /* Assets.xcassets in Resources */ = {isa = PBXBuildFile; fileRef = 73517746213D8170008E7BB1 /* Assets.xcassets */; };
		7351774A213D8170008E7BB1 /* LaunchScreen.storyboard in Resources */ = {isa = PBXBuildFile; fileRef = 73517748213D8170008E7BB1 /* LaunchScreen.storyboard */; };
		73517755213D8170008E7BB1 /* Upcoming_MoviesTests.swift in Sources */ = {isa = PBXBuildFile; fileRef = 73517754213D8170008E7BB1 /* Upcoming_MoviesTests.swift */; };
		73517760213D8170008E7BB1 /* Upcoming_MoviesUITests.swift in Sources */ = {isa = PBXBuildFile; fileRef = 7351775F213D8170008E7BB1 /* Upcoming_MoviesUITests.swift */; };
		73517772213D8432008E7BB1 /* APIService.swift in Sources */ = {isa = PBXBuildFile; fileRef = 73517771213D8432008E7BB1 /* APIService.swift */; };
		73517774213D8460008E7BB1 /* Movie.swift in Sources */ = {isa = PBXBuildFile; fileRef = 73517773213D8460008E7BB1 /* Movie.swift */; };
		AE52EF8981CA29A59C4A96A7 /* Pods_Upcoming_MoviesTests.framework in Frameworks */ = {isa = PBXBuildFile; fileRef = 1EDA2DBA0ECDEEF80EB27A83 /* Pods_Upcoming_MoviesTests.framework */; };
		C0899CE966DB9042C144100E /* Pods_Upcoming_MoviesUITests.framework in Frameworks */ = {isa = PBXBuildFile; fileRef = AF682A05A10E185DA2BE893A /* Pods_Upcoming_MoviesUITests.framework */; };
		C52D91B147657F910F489DE9 /* Pods_Upcoming_Movies.framework in Frameworks */ = {isa = PBXBuildFile; fileRef = 512A31894655C42711BFB46C /* Pods_Upcoming_Movies.framework */; };
/* End PBXBuildFile section */

/* Begin PBXContainerItemProxy section */
		73517751213D8170008E7BB1 /* PBXContainerItemProxy */ = {
			isa = PBXContainerItemProxy;
			containerPortal = 73517734213D816E008E7BB1 /* Project object */;
			proxyType = 1;
			remoteGlobalIDString = 7351773B213D816E008E7BB1;
			remoteInfo = "Upcoming Movies";
		};
		7351775C213D8170008E7BB1 /* PBXContainerItemProxy */ = {
			isa = PBXContainerItemProxy;
			containerPortal = 73517734213D816E008E7BB1 /* Project object */;
			proxyType = 1;
			remoteGlobalIDString = 7351773B213D816E008E7BB1;
			remoteInfo = "Upcoming Movies";
		};
/* End PBXContainerItemProxy section */

/* Begin PBXFileReference section */
		19E9E96AF2BCC4A70DA552F2 /* Pods-Upcoming Movies.debug.xcconfig */ = {isa = PBXFileReference; includeInIndex = 1; lastKnownFileType = text.xcconfig; name = "Pods-Upcoming Movies.debug.xcconfig"; path = "Pods/Target Support Files/Pods-Upcoming Movies/Pods-Upcoming Movies.debug.xcconfig"; sourceTree = "<group>"; };
		1EDA2DBA0ECDEEF80EB27A83 /* Pods_Upcoming_MoviesTests.framework */ = {isa = PBXFileReference; explicitFileType = wrapper.framework; includeInIndex = 0; path = Pods_Upcoming_MoviesTests.framework; sourceTree = BUILT_PRODUCTS_DIR; };
		3747ABBB4051B2A776D5E471 /* Pods-Upcoming MoviesUITests.debug.xcconfig */ = {isa = PBXFileReference; includeInIndex = 1; lastKnownFileType = text.xcconfig; name = "Pods-Upcoming MoviesUITests.debug.xcconfig"; path = "Pods/Target Support Files/Pods-Upcoming MoviesUITests/Pods-Upcoming MoviesUITests.debug.xcconfig"; sourceTree = "<group>"; };
		377445A9BCBC7EBD7922240B /* Pods-Upcoming MoviesTests.debug.xcconfig */ = {isa = PBXFileReference; includeInIndex = 1; lastKnownFileType = text.xcconfig; name = "Pods-Upcoming MoviesTests.debug.xcconfig"; path = "Pods/Target Support Files/Pods-Upcoming MoviesTests/Pods-Upcoming MoviesTests.debug.xcconfig"; sourceTree = "<group>"; };
		512A31894655C42711BFB46C /* Pods_Upcoming_Movies.framework */ = {isa = PBXFileReference; explicitFileType = wrapper.framework; includeInIndex = 0; path = Pods_Upcoming_Movies.framework; sourceTree = BUILT_PRODUCTS_DIR; };
		6D2C27992F80863CC819C61C /* Pods-Upcoming MoviesTests.release.xcconfig */ = {isa = PBXFileReference; includeInIndex = 1; lastKnownFileType = text.xcconfig; name = "Pods-Upcoming MoviesTests.release.xcconfig"; path = "Pods/Target Support Files/Pods-Upcoming MoviesTests/Pods-Upcoming MoviesTests.release.xcconfig"; sourceTree = "<group>"; };
		7351773C213D816E008E7BB1 /* Upcoming Movies.app */ = {isa = PBXFileReference; explicitFileType = wrapper.application; includeInIndex = 0; path = "Upcoming Movies.app"; sourceTree = BUILT_PRODUCTS_DIR; };
		7351773F213D816E008E7BB1 /* AppDelegate.swift */ = {isa = PBXFileReference; lastKnownFileType = sourcecode.swift; path = AppDelegate.swift; sourceTree = "<group>"; };
		73517741213D816E008E7BB1 /* ViewController.swift */ = {isa = PBXFileReference; lastKnownFileType = sourcecode.swift; path = ViewController.swift; sourceTree = "<group>"; };
		73517744213D816E008E7BB1 /* Base */ = {isa = PBXFileReference; lastKnownFileType = file.storyboard; name = Base; path = Base.lproj/Main.storyboard; sourceTree = "<group>"; };
		73517746213D8170008E7BB1 /* Assets.xcassets */ = {isa = PBXFileReference; lastKnownFileType = folder.assetcatalog; path = Assets.xcassets; sourceTree = "<group>"; };
		73517749213D8170008E7BB1 /* Base */ = {isa = PBXFileReference; lastKnownFileType = file.storyboard; name = Base; path = Base.lproj/LaunchScreen.storyboard; sourceTree = "<group>"; };
		7351774B213D8170008E7BB1 /* Info.plist */ = {isa = PBXFileReference; lastKnownFileType = text.plist.xml; path = Info.plist; sourceTree = "<group>"; };
		73517750213D8170008E7BB1 /* Upcoming MoviesTests.xctest */ = {isa = PBXFileReference; explicitFileType = wrapper.cfbundle; includeInIndex = 0; path = "Upcoming MoviesTests.xctest"; sourceTree = BUILT_PRODUCTS_DIR; };
		73517754213D8170008E7BB1 /* Upcoming_MoviesTests.swift */ = {isa = PBXFileReference; lastKnownFileType = sourcecode.swift; path = Upcoming_MoviesTests.swift; sourceTree = "<group>"; };
		73517756213D8170008E7BB1 /* Info.plist */ = {isa = PBXFileReference; lastKnownFileType = text.plist.xml; path = Info.plist; sourceTree = "<group>"; };
		7351775B213D8170008E7BB1 /* Upcoming MoviesUITests.xctest */ = {isa = PBXFileReference; explicitFileType = wrapper.cfbundle; includeInIndex = 0; path = "Upcoming MoviesUITests.xctest"; sourceTree = BUILT_PRODUCTS_DIR; };
		7351775F213D8170008E7BB1 /* Upcoming_MoviesUITests.swift */ = {isa = PBXFileReference; lastKnownFileType = sourcecode.swift; path = Upcoming_MoviesUITests.swift; sourceTree = "<group>"; };
		73517761213D8170008E7BB1 /* Info.plist */ = {isa = PBXFileReference; lastKnownFileType = text.plist.xml; path = Info.plist; sourceTree = "<group>"; };
		73517771213D8432008E7BB1 /* APIService.swift */ = {isa = PBXFileReference; lastKnownFileType = sourcecode.swift; path = APIService.swift; sourceTree = "<group>"; };
		73517773213D8460008E7BB1 /* Movie.swift */ = {isa = PBXFileReference; lastKnownFileType = sourcecode.swift; path = Movie.swift; sourceTree = "<group>"; };
		AF682A05A10E185DA2BE893A /* Pods_Upcoming_MoviesUITests.framework */ = {isa = PBXFileReference; explicitFileType = wrapper.framework; includeInIndex = 0; path = Pods_Upcoming_MoviesUITests.framework; sourceTree = BUILT_PRODUCTS_DIR; };
		E5FAA576C1531E7BF5BEE242 /* Pods-Upcoming Movies.release.xcconfig */ = {isa = PBXFileReference; includeInIndex = 1; lastKnownFileType = text.xcconfig; name = "Pods-Upcoming Movies.release.xcconfig"; path = "Pods/Target Support Files/Pods-Upcoming Movies/Pods-Upcoming Movies.release.xcconfig"; sourceTree = "<group>"; };
		FB64BF06452191ABF684D6C2 /* Pods-Upcoming MoviesUITests.release.xcconfig */ = {isa = PBXFileReference; includeInIndex = 1; lastKnownFileType = text.xcconfig; name = "Pods-Upcoming MoviesUITests.release.xcconfig"; path = "Pods/Target Support Files/Pods-Upcoming MoviesUITests/Pods-Upcoming MoviesUITests.release.xcconfig"; sourceTree = "<group>"; };
/* End PBXFileReference section */

/* Begin PBXFrameworksBuildPhase section */
		73517739213D816E008E7BB1 /* Frameworks */ = {
			isa = PBXFrameworksBuildPhase;
			buildActionMask = 2147483647;
			files = (
				C52D91B147657F910F489DE9 /* Pods_Upcoming_Movies.framework in Frameworks */,
			);
			runOnlyForDeploymentPostprocessing = 0;
		};
		7351774D213D8170008E7BB1 /* Frameworks */ = {
			isa = PBXFrameworksBuildPhase;
			buildActionMask = 2147483647;
			files = (
				AE52EF8981CA29A59C4A96A7 /* Pods_Upcoming_MoviesTests.framework in Frameworks */,
			);
			runOnlyForDeploymentPostprocessing = 0;
		};
		73517758213D8170008E7BB1 /* Frameworks */ = {
			isa = PBXFrameworksBuildPhase;
			buildActionMask = 2147483647;
			files = (
				C0899CE966DB9042C144100E /* Pods_Upcoming_MoviesUITests.framework in Frameworks */,
			);
			runOnlyForDeploymentPostprocessing = 0;
		};
/* End PBXFrameworksBuildPhase section */

/* Begin PBXGroup section */
		40D91B4CEED62466FB3062F9 /* Pods */ = {
			isa = PBXGroup;
			children = (
				19E9E96AF2BCC4A70DA552F2 /* Pods-Upcoming Movies.debug.xcconfig */,
				E5FAA576C1531E7BF5BEE242 /* Pods-Upcoming Movies.release.xcconfig */,
				377445A9BCBC7EBD7922240B /* Pods-Upcoming MoviesTests.debug.xcconfig */,
				6D2C27992F80863CC819C61C /* Pods-Upcoming MoviesTests.release.xcconfig */,
				3747ABBB4051B2A776D5E471 /* Pods-Upcoming MoviesUITests.debug.xcconfig */,
				FB64BF06452191ABF684D6C2 /* Pods-Upcoming MoviesUITests.release.xcconfig */,
			);
			name = Pods;
			sourceTree = "<group>";
		};
		73517733213D816E008E7BB1 = {
			isa = PBXGroup;
			children = (
				7351773E213D816E008E7BB1 /* Upcoming Movies */,
				73517753213D8170008E7BB1 /* Upcoming MoviesTests */,
				7351775E213D8170008E7BB1 /* Upcoming MoviesUITests */,
				7351773D213D816E008E7BB1 /* Products */,
				40D91B4CEED62466FB3062F9 /* Pods */,
				BFE63BEB9958407185B32FE8 /* Frameworks */,
			);
			sourceTree = "<group>";
		};
		7351773D213D816E008E7BB1 /* Products */ = {
			isa = PBXGroup;
			children = (
				7351773C213D816E008E7BB1 /* Upcoming Movies.app */,
				73517750213D8170008E7BB1 /* Upcoming MoviesTests.xctest */,
				7351775B213D8170008E7BB1 /* Upcoming MoviesUITests.xctest */,
			);
			name = Products;
			sourceTree = "<group>";
		};
		7351773E213D816E008E7BB1 /* Upcoming Movies */ = {
			isa = PBXGroup;
			children = (
				73517770213D8405008E7BB1 /* services */,
				7351776D213D81FB008E7BB1 /* models */,
				7351776E213D83C7008E7BB1 /* controllers */,
				7351773F213D816E008E7BB1 /* AppDelegate.swift */,
				73517743213D816E008E7BB1 /* Main.storyboard */,
				73517746213D8170008E7BB1 /* Assets.xcassets */,
				73517748213D8170008E7BB1 /* LaunchScreen.storyboard */,
				7351774B213D8170008E7BB1 /* Info.plist */,
			);
			path = "Upcoming Movies";
			sourceTree = "<group>";
		};
		73517753213D8170008E7BB1 /* Upcoming MoviesTests */ = {
			isa = PBXGroup;
			children = (
				73517754213D8170008E7BB1 /* Upcoming_MoviesTests.swift */,
				73517756213D8170008E7BB1 /* Info.plist */,
			);
			path = "Upcoming MoviesTests";
			sourceTree = "<group>";
		};
		7351775E213D8170008E7BB1 /* Upcoming MoviesUITests */ = {
			isa = PBXGroup;
			children = (
				7351775F213D8170008E7BB1 /* Upcoming_MoviesUITests.swift */,
				73517761213D8170008E7BB1 /* Info.plist */,
			);
			path = "Upcoming MoviesUITests";
			sourceTree = "<group>";
		};
		7351776D213D81FB008E7BB1 /* models */ = {
			isa = PBXGroup;
			children = (
				73517773213D8460008E7BB1 /* Movie.swift */,
			);
			path = models;
			sourceTree = "<group>";
		};
		7351776E213D83C7008E7BB1 /* controllers */ = {
			isa = PBXGroup;
			children = (
				73517741213D816E008E7BB1 /* ViewController.swift */,
			);
			path = controllers;
			sourceTree = "<group>";
		};
		73517770213D8405008E7BB1 /* services */ = {
			isa = PBXGroup;
			children = (
				73517771213D8432008E7BB1 /* APIService.swift */,
			);
			path = services;
			sourceTree = "<group>";
		};
		BFE63BEB9958407185B32FE8 /* Frameworks */ = {
			isa = PBXGroup;
			children = (
				512A31894655C42711BFB46C /* Pods_Upcoming_Movies.framework */,
				1EDA2DBA0ECDEEF80EB27A83 /* Pods_Upcoming_MoviesTests.framework */,
				AF682A05A10E185DA2BE893A /* Pods_Upcoming_MoviesUITests.framework */,
			);
			name = Frameworks;
			sourceTree = "<group>";
		};
/* End PBXGroup section */

/* Begin PBXNativeTarget section */
		7351773B213D816E008E7BB1 /* Upcoming Movies */ = {
			isa = PBXNativeTarget;
			buildConfigurationList = 73517764213D8170008E7BB1 /* Build configuration list for PBXNativeTarget "Upcoming Movies" */;
			buildPhases = (
				51FBFA652D90B23437F6CE12 /* [CP] Check Pods Manifest.lock */,
				73517738213D816E008E7BB1 /* Sources */,
				73517739213D816E008E7BB1 /* Frameworks */,
				7351773A213D816E008E7BB1 /* Resources */,
				CC88B469C6F8A1BBFAE01CAF /* [CP] Embed Pods Frameworks */,
			);
			buildRules = (
			);
			dependencies = (
			);
			name = "Upcoming Movies";
			productName = "Upcoming Movies";
			productReference = 7351773C213D816E008E7BB1 /* Upcoming Movies.app */;
			productType = "com.apple.product-type.application";
		};
		7351774F213D8170008E7BB1 /* Upcoming MoviesTests */ = {
			isa = PBXNativeTarget;
			buildConfigurationList = 73517767213D8170008E7BB1 /* Build configuration list for PBXNativeTarget "Upcoming MoviesTests" */;
			buildPhases = (
				835CF65F5BF8226BC13642BD /* [CP] Check Pods Manifest.lock */,
				7351774C213D8170008E7BB1 /* Sources */,
				7351774D213D8170008E7BB1 /* Frameworks */,
				7351774E213D8170008E7BB1 /* Resources */,
			);
			buildRules = (
			);
			dependencies = (
				73517752213D8170008E7BB1 /* PBXTargetDependency */,
			);
			name = "Upcoming MoviesTests";
			productName = "Upcoming MoviesTests";
			productReference = 73517750213D8170008E7BB1 /* Upcoming MoviesTests.xctest */;
			productType = "com.apple.product-type.bundle.unit-test";
		};
		7351775A213D8170008E7BB1 /* Upcoming MoviesUITests */ = {
			isa = PBXNativeTarget;
			buildConfigurationList = 7351776A213D8170008E7BB1 /* Build configuration list for PBXNativeTarget "Upcoming MoviesUITests" */;
			buildPhases = (
				EACE4FC332B55F43AB9CC7F4 /* [CP] Check Pods Manifest.lock */,
				73517757213D8170008E7BB1 /* Sources */,
				73517758213D8170008E7BB1 /* Frameworks */,
				73517759213D8170008E7BB1 /* Resources */,
			);
			buildRules = (
			);
			dependencies = (
				7351775D213D8170008E7BB1 /* PBXTargetDependency */,
			);
			name = "Upcoming MoviesUITests";
			productName = "Upcoming MoviesUITests";
			productReference = 7351775B213D8170008E7BB1 /* Upcoming MoviesUITests.xctest */;
			productType = "com.apple.product-type.bundle.ui-testing";
		};
/* End PBXNativeTarget section */

/* Begin PBXProject section */
		73517734213D816E008E7BB1 /* Project object */ = {
			isa = PBXProject;
			attributes = {
				LastSwiftUpdateCheck = 0940;
				LastUpgradeCheck = 0940;
				TargetAttributes = {
					7351773B213D816E008E7BB1 = {
						CreatedOnToolsVersion = 9.4.1;
					};
					7351774F213D8170008E7BB1 = {
						CreatedOnToolsVersion = 9.4.1;
						TestTargetID = 7351773B213D816E008E7BB1;
					};
					7351775A213D8170008E7BB1 = {
						CreatedOnToolsVersion = 9.4.1;
						TestTargetID = 7351773B213D816E008E7BB1;
					};
				};
			};
			buildConfigurationList = 73517737213D816E008E7BB1 /* Build configuration list for PBXProject "Upcoming Movies" */;
			compatibilityVersion = "Xcode 9.3";
			developmentRegion = en;
			hasScannedForEncodings = 0;
			knownRegions = (
				en,
				Base,
			);
			mainGroup = 73517733213D816E008E7BB1;
			productRefGroup = 7351773D213D816E008E7BB1 /* Products */;
			projectDirPath = "";
			projectRoot = "";
			targets = (
				7351773B213D816E008E7BB1 /* Upcoming Movies */,
				7351774F213D8170008E7BB1 /* Upcoming MoviesTests */,
				7351775A213D8170008E7BB1 /* Upcoming MoviesUITests */,
			);
		};
/* End PBXProject section */

/* Begin PBXResourcesBuildPhase section */
		7351773A213D816E008E7BB1 /* Resources */ = {
			isa = PBXResourcesBuildPhase;
			buildActionMask = 2147483647;
			files = (
				7351774A213D8170008E7BB1 /* LaunchScreen.storyboard in Resources */,
				73517747213D8170008E7BB1 /* Assets.xcassets in Resources */,
				73517745213D816E008E7BB1 /* Main.storyboard in Resources */,
			);
			runOnlyForDeploymentPostprocessing = 0;
		};
		7351774E213D8170008E7BB1 /* Resources */ = {
			isa = PBXResourcesBuildPhase;
			buildActionMask = 2147483647;
			files = (
			);
			runOnlyForDeploymentPostprocessing = 0;
		};
		73517759213D8170008E7BB1 /* Resources */ = {
			isa = PBXResourcesBuildPhase;
			buildActionMask = 2147483647;
			files = (
			);
			runOnlyForDeploymentPostprocessing = 0;
		};
/* End PBXResourcesBuildPhase section */

/* Begin PBXShellScriptBuildPhase section */
		51FBFA652D90B23437F6CE12 /* [CP] Check Pods Manifest.lock */ = {
			isa = PBXShellScriptBuildPhase;
			buildActionMask = 2147483647;
			files = (
			);
			inputFileListPaths = (
			);
			inputPaths = (
				"${PODS_PODFILE_DIR_PATH}/Podfile.lock",
				"${PODS_ROOT}/Manifest.lock",
			);
			name = "[CP] Check Pods Manifest.lock";
			outputFileListPaths = (
			);
			outputPaths = (
				"$(DERIVED_FILE_DIR)/Pods-Upcoming Movies-checkManifestLockResult.txt",
			);
			runOnlyForDeploymentPostprocessing = 0;
			shellPath = /bin/sh;
			shellScript = "diff \"${PODS_PODFILE_DIR_PATH}/Podfile.lock\" \"${PODS_ROOT}/Manifest.lock\" > /dev/null\nif [ $? != 0 ] ; then\n    # print error to STDERR\n    echo \"error: The sandbox is not in sync with the Podfile.lock. Run 'pod install' or update your CocoaPods installation.\" >&2\n    exit 1\nfi\n# This output is used by Xcode 'outputs' to avoid re-running this script phase.\necho \"SUCCESS\" > \"${SCRIPT_OUTPUT_FILE_0}\"\n";
			showEnvVarsInLog = 0;
		};
		835CF65F5BF8226BC13642BD /* [CP] Check Pods Manifest.lock */ = {
			isa = PBXShellScriptBuildPhase;
			buildActionMask = 2147483647;
			files = (
			);
			inputFileListPaths = (
			);
			inputPaths = (
				"${PODS_PODFILE_DIR_PATH}/Podfile.lock",
				"${PODS_ROOT}/Manifest.lock",
			);
			name = "[CP] Check Pods Manifest.lock";
			outputFileListPaths = (
			);
			outputPaths = (
				"$(DERIVED_FILE_DIR)/Pods-Upcoming MoviesTests-checkManifestLockResult.txt",
			);
			runOnlyForDeploymentPostprocessing = 0;
			shellPath = /bin/sh;
			shellScript = "diff \"${PODS_PODFILE_DIR_PATH}/Podfile.lock\" \"${PODS_ROOT}/Manifest.lock\" > /dev/null\nif [ $? != 0 ] ; then\n    # print error to STDERR\n    echo \"error: The sandbox is not in sync with the Podfile.lock. Run 'pod install' or update your CocoaPods installation.\" >&2\n    exit 1\nfi\n# This output is used by Xcode 'outputs' to avoid re-running this script phase.\necho \"SUCCESS\" > \"${SCRIPT_OUTPUT_FILE_0}\"\n";
			showEnvVarsInLog = 0;
		};
		CC88B469C6F8A1BBFAE01CAF /* [CP] Embed Pods Frameworks */ = {
			isa = PBXShellScriptBuildPhase;
			buildActionMask = 2147483647;
			files = (
			);
			inputFileListPaths = (
			);
			inputPaths = (
				"${SRCROOT}/Pods/Target Support Files/Pods-Upcoming Movies/Pods-Upcoming Movies-frameworks.sh",
				"${BUILT_PRODUCTS_DIR}/Alamofire/Alamofire.framework",
				"${BUILT_PRODUCTS_DIR}/AlamofireObjectMapper/AlamofireObjectMapper.framework",
				"${BUILT_PRODUCTS_DIR}/ObjectMapper/ObjectMapper.framework",
			);
			name = "[CP] Embed Pods Frameworks";
			outputFileListPaths = (
			);
			outputPaths = (
				"${TARGET_BUILD_DIR}/${FRAMEWORKS_FOLDER_PATH}/Alamofire.framework",
				"${TARGET_BUILD_DIR}/${FRAMEWORKS_FOLDER_PATH}/AlamofireObjectMapper.framework",
				"${TARGET_BUILD_DIR}/${FRAMEWORKS_FOLDER_PATH}/ObjectMapper.framework",
			);
			runOnlyForDeploymentPostprocessing = 0;
			shellPath = /bin/sh;
			shellScript = "\"${SRCROOT}/Pods/Target Support Files/Pods-Upcoming Movies/Pods-Upcoming Movies-frameworks.sh\"\n";
			showEnvVarsInLog = 0;
		};
		EACE4FC332B55F43AB9CC7F4 /* [CP] Check Pods Manifest.lock */ = {
			isa = PBXShellScriptBuildPhase;
			buildActionMask = 2147483647;
			files = (
			);
			inputFileListPaths = (
			);
			inputPaths = (
				"${PODS_PODFILE_DIR_PATH}/Podfile.lock",
				"${PODS_ROOT}/Manifest.lock",
			);
			name = "[CP] Check Pods Manifest.lock";
			outputFileListPaths = (
			);
			outputPaths = (
				"$(DERIVED_FILE_DIR)/Pods-Upcoming MoviesUITests-checkManifestLockResult.txt",
			);
			runOnlyForDeploymentPostprocessing = 0;
			shellPath = /bin/sh;
			shellScript = "diff \"${PODS_PODFILE_DIR_PATH}/Podfile.lock\" \"${PODS_ROOT}/Manifest.lock\" > /dev/null\nif [ $? != 0 ] ; then\n    # print error to STDERR\n    echo \"error: The sandbox is not in sync with the Podfile.lock. Run 'pod install' or update your CocoaPods installation.\" >&2\n    exit 1\nfi\n# This output is used by Xcode 'outputs' to avoid re-running this script phase.\necho \"SUCCESS\" > \"${SCRIPT_OUTPUT_FILE_0}\"\n";
			showEnvVarsInLog = 0;
		};
/* End PBXShellScriptBuildPhase section */

/* Begin PBXSourcesBuildPhase section */
		73517738213D816E008E7BB1 /* Sources */ = {
			isa = PBXSourcesBuildPhase;
			buildActionMask = 2147483647;
			files = (
				73517742213D816E008E7BB1 /* ViewController.swift in Sources */,
				73517772213D8432008E7BB1 /* APIService.swift in Sources */,
				73517774213D8460008E7BB1 /* Movie.swift in Sources */,
				73517740213D816E008E7BB1 /* AppDelegate.swift in Sources */,
			);
			runOnlyForDeploymentPostprocessing = 0;
		};
		7351774C213D8170008E7BB1 /* Sources */ = {
			isa = PBXSourcesBuildPhase;
			buildActionMask = 2147483647;
			files = (
				73517755213D8170008E7BB1 /* Upcoming_MoviesTests.swift in Sources */,
			);
			runOnlyForDeploymentPostprocessing = 0;
		};
		73517757213D8170008E7BB1 /* Sources */ = {
			isa = PBXSourcesBuildPhase;
			buildActionMask = 2147483647;
			files = (
				73517760213D8170008E7BB1 /* Upcoming_MoviesUITests.swift in Sources */,
			);
			runOnlyForDeploymentPostprocessing = 0;
		};
/* End PBXSourcesBuildPhase section */

/* Begin PBXTargetDependency section */
		73517752213D8170008E7BB1 /* PBXTargetDependency */ = {
			isa = PBXTargetDependency;
			target = 7351773B213D816E008E7BB1 /* Upcoming Movies */;
			targetProxy = 73517751213D8170008E7BB1 /* PBXContainerItemProxy */;
		};
		7351775D213D8170008E7BB1 /* PBXTargetDependency */ = {
			isa = PBXTargetDependency;
			target = 7351773B213D816E008E7BB1 /* Upcoming Movies */;
			targetProxy = 7351775C213D8170008E7BB1 /* PBXContainerItemProxy */;
		};
/* End PBXTargetDependency section */

/* Begin PBXVariantGroup section */
		73517743213D816E008E7BB1 /* Main.storyboard */ = {
			isa = PBXVariantGroup;
			children = (
				73517744213D816E008E7BB1 /* Base */,
			);
			name = Main.storyboard;
			sourceTree = "<group>";
		};
		73517748213D8170008E7BB1 /* LaunchScreen.storyboard */ = {
			isa = PBXVariantGroup;
			children = (
				73517749213D8170008E7BB1 /* Base */,
			);
			name = LaunchScreen.storyboard;
			sourceTree = "<group>";
		};
/* End PBXVariantGroup section */

/* Begin XCBuildConfiguration section */
		73517762213D8170008E7BB1 /* Debug */ = {
			isa = XCBuildConfiguration;
			buildSettings = {
				ALWAYS_SEARCH_USER_PATHS = NO;
				CLANG_ANALYZER_NONNULL = YES;
				CLANG_ANALYZER_NUMBER_OBJECT_CONVERSION = YES_AGGRESSIVE;
				CLANG_CXX_LANGUAGE_STANDARD = "gnu++14";
				CLANG_CXX_LIBRARY = "libc++";
				CLANG_ENABLE_MODULES = YES;
				CLANG_ENABLE_OBJC_ARC = YES;
				CLANG_ENABLE_OBJC_WEAK = YES;
				CLANG_WARN_BLOCK_CAPTURE_AUTORELEASING = YES;
				CLANG_WARN_BOOL_CONVERSION = YES;
				CLANG_WARN_COMMA = YES;
				CLANG_WARN_CONSTANT_CONVERSION = YES;
				CLANG_WARN_DEPRECATED_OBJC_IMPLEMENTATIONS = YES;
				CLANG_WARN_DIRECT_OBJC_ISA_USAGE = YES_ERROR;
				CLANG_WARN_DOCUMENTATION_COMMENTS = YES;
				CLANG_WARN_EMPTY_BODY = YES;
				CLANG_WARN_ENUM_CONVERSION = YES;
				CLANG_WARN_INFINITE_RECURSION = YES;
				CLANG_WARN_INT_CONVERSION = YES;
				CLANG_WARN_NON_LITERAL_NULL_CONVERSION = YES;
				CLANG_WARN_OBJC_IMPLICIT_RETAIN_SELF = YES;
				CLANG_WARN_OBJC_LITERAL_CONVERSION = YES;
				CLANG_WARN_OBJC_ROOT_CLASS = YES_ERROR;
				CLANG_WARN_RANGE_LOOP_ANALYSIS = YES;
				CLANG_WARN_STRICT_PROTOTYPES = YES;
				CLANG_WARN_SUSPICIOUS_MOVE = YES;
				CLANG_WARN_UNGUARDED_AVAILABILITY = YES_AGGRESSIVE;
				CLANG_WARN_UNREACHABLE_CODE = YES;
				CLANG_WARN__DUPLICATE_METHOD_MATCH = YES;
				CODE_SIGN_IDENTITY = "iPhone Developer";
				COPY_PHASE_STRIP = NO;
				DEBUG_INFORMATION_FORMAT = dwarf;
				ENABLE_STRICT_OBJC_MSGSEND = YES;
				ENABLE_TESTABILITY = YES;
				GCC_C_LANGUAGE_STANDARD = gnu11;
				GCC_DYNAMIC_NO_PIC = NO;
				GCC_NO_COMMON_BLOCKS = YES;
				GCC_OPTIMIZATION_LEVEL = 0;
				GCC_PREPROCESSOR_DEFINITIONS = (
					"DEBUG=1",
					"$(inherited)",
				);
				GCC_WARN_64_TO_32_BIT_CONVERSION = YES;
				GCC_WARN_ABOUT_RETURN_TYPE = YES_ERROR;
				GCC_WARN_UNDECLARED_SELECTOR = YES;
				GCC_WARN_UNINITIALIZED_AUTOS = YES_AGGRESSIVE;
				GCC_WARN_UNUSED_FUNCTION = YES;
				GCC_WARN_UNUSED_VARIABLE = YES;
				IPHONEOS_DEPLOYMENT_TARGET = 11.4;
				MTL_ENABLE_DEBUG_INFO = YES;
				ONLY_ACTIVE_ARCH = YES;
				SDKROOT = iphoneos;
				SWIFT_ACTIVE_COMPILATION_CONDITIONS = DEBUG;
				SWIFT_OPTIMIZATION_LEVEL = "-Onone";
			};
			name = Debug;
		};
		73517763213D8170008E7BB1 /* Release */ = {
			isa = XCBuildConfiguration;
			buildSettings = {
				ALWAYS_SEARCH_USER_PATHS = NO;
				CLANG_ANALYZER_NONNULL = YES;
				CLANG_ANALYZER_NUMBER_OBJECT_CONVERSION = YES_AGGRESSIVE;
				CLANG_CXX_LANGUAGE_STANDARD = "gnu++14";
				CLANG_CXX_LIBRARY = "libc++";
				CLANG_ENABLE_MODULES = YES;
				CLANG_ENABLE_OBJC_ARC = YES;
				CLANG_ENABLE_OBJC_WEAK = YES;
				CLANG_WARN_BLOCK_CAPTURE_AUTORELEASING = YES;
				CLANG_WARN_BOOL_CONVERSION = YES;
				CLANG_WARN_COMMA = YES;
				CLANG_WARN_CONSTANT_CONVERSION = YES;
				CLANG_WARN_DEPRECATED_OBJC_IMPLEMENTATIONS = YES;
				CLANG_WARN_DIRECT_OBJC_ISA_USAGE = YES_ERROR;
				CLANG_WARN_DOCUMENTATION_COMMENTS = YES;
				CLANG_WARN_EMPTY_BODY = YES;
				CLANG_WARN_ENUM_CONVERSION = YES;
				CLANG_WARN_INFINITE_RECURSION = YES;
				CLANG_WARN_INT_CONVERSION = YES;
				CLANG_WARN_NON_LITERAL_NULL_CONVERSION = YES;
				CLANG_WARN_OBJC_IMPLICIT_RETAIN_SELF = YES;
				CLANG_WARN_OBJC_LITERAL_CONVERSION = YES;
				CLANG_WARN_OBJC_ROOT_CLASS = YES_ERROR;
				CLANG_WARN_RANGE_LOOP_ANALYSIS = YES;
				CLANG_WARN_STRICT_PROTOTYPES = YES;
				CLANG_WARN_SUSPICIOUS_MOVE = YES;
				CLANG_WARN_UNGUARDED_AVAILABILITY = YES_AGGRESSIVE;
				CLANG_WARN_UNREACHABLE_CODE = YES;
				CLANG_WARN__DUPLICATE_METHOD_MATCH = YES;
				CODE_SIGN_IDENTITY = "iPhone Developer";
				COPY_PHASE_STRIP = NO;
				DEBUG_INFORMATION_FORMAT = "dwarf-with-dsym";
				ENABLE_NS_ASSERTIONS = NO;
				ENABLE_STRICT_OBJC_MSGSEND = YES;
				GCC_C_LANGUAGE_STANDARD = gnu11;
				GCC_NO_COMMON_BLOCKS = YES;
				GCC_WARN_64_TO_32_BIT_CONVERSION = YES;
				GCC_WARN_ABOUT_RETURN_TYPE = YES_ERROR;
				GCC_WARN_UNDECLARED_SELECTOR = YES;
				GCC_WARN_UNINITIALIZED_AUTOS = YES_AGGRESSIVE;
				GCC_WARN_UNUSED_FUNCTION = YES;
				GCC_WARN_UNUSED_VARIABLE = YES;
				IPHONEOS_DEPLOYMENT_TARGET = 11.4;
				MTL_ENABLE_DEBUG_INFO = NO;
				SDKROOT = iphoneos;
				SWIFT_COMPILATION_MODE = wholemodule;
				SWIFT_OPTIMIZATION_LEVEL = "-O";
				VALIDATE_PRODUCT = YES;
			};
			name = Release;
		};
		73517765213D8170008E7BB1 /* Debug */ = {
			isa = XCBuildConfiguration;
			baseConfigurationReference = 19E9E96AF2BCC4A70DA552F2 /* Pods-Upcoming Movies.debug.xcconfig */;
			buildSettings = {
				ASSETCATALOG_COMPILER_APPICON_NAME = AppIcon;
				CODE_SIGN_STYLE = Automatic;
				INFOPLIST_FILE = "Upcoming Movies/Info.plist";
				LD_RUNPATH_SEARCH_PATHS = (
					"$(inherited)",
					"@executable_path/Frameworks",
				);
				PRODUCT_BUNDLE_IDENTIFIER = "br.com.leonardoobaptistaa.Upcoming-Movies";
				PRODUCT_NAME = "$(TARGET_NAME)";
				SWIFT_VERSION = 4.0;
				TARGETED_DEVICE_FAMILY = "1,2";
			};
			name = Debug;
		};
		73517766213D8170008E7BB1 /* Release */ = {
			isa = XCBuildConfiguration;
			baseConfigurationReference = E5FAA576C1531E7BF5BEE242 /* Pods-Upcoming Movies.release.xcconfig */;
			buildSettings = {
				ASSETCATALOG_COMPILER_APPICON_NAME = AppIcon;
				CODE_SIGN_STYLE = Automatic;
				INFOPLIST_FILE = "Upcoming Movies/Info.plist";
				LD_RUNPATH_SEARCH_PATHS = (
					"$(inherited)",
					"@executable_path/Frameworks",
				);
				PRODUCT_BUNDLE_IDENTIFIER = "br.com.leonardoobaptistaa.Upcoming-Movies";
				PRODUCT_NAME = "$(TARGET_NAME)";
				SWIFT_VERSION = 4.0;
				TARGETED_DEVICE_FAMILY = "1,2";
			};
			name = Release;
		};
		73517768213D8170008E7BB1 /* Debug */ = {
			isa = XCBuildConfiguration;
			baseConfigurationReference = 377445A9BCBC7EBD7922240B /* Pods-Upcoming MoviesTests.debug.xcconfig */;
			buildSettings = {
				ALWAYS_EMBED_SWIFT_STANDARD_LIBRARIES = YES;
				BUNDLE_LOADER = "$(TEST_HOST)";
				CODE_SIGN_STYLE = Automatic;
				INFOPLIST_FILE = "Upcoming MoviesTests/Info.plist";
				LD_RUNPATH_SEARCH_PATHS = (
					"$(inherited)",
					"@executable_path/Frameworks",
					"@loader_path/Frameworks",
				);
				PRODUCT_BUNDLE_IDENTIFIER = "br.com.leonardoobaptistaa.Upcoming-MoviesTests";
				PRODUCT_NAME = "$(TARGET_NAME)";
				SWIFT_VERSION = 4.0;
				TARGETED_DEVICE_FAMILY = "1,2";
				TEST_HOST = "$(BUILT_PRODUCTS_DIR)/Upcoming Movies.app/Upcoming Movies";
			};
			name = Debug;
		};
		73517769213D8170008E7BB1 /* Release */ = {
			isa = XCBuildConfiguration;
			baseConfigurationReference = 6D2C27992F80863CC819C61C /* Pods-Upcoming MoviesTests.release.xcconfig */;
			buildSettings = {
				ALWAYS_EMBED_SWIFT_STANDARD_LIBRARIES = YES;
				BUNDLE_LOADER = "$(TEST_HOST)";
				CODE_SIGN_STYLE = Automatic;
				INFOPLIST_FILE = "Upcoming MoviesTests/Info.plist";
				LD_RUNPATH_SEARCH_PATHS = (
					"$(inherited)",
					"@executable_path/Frameworks",
					"@loader_path/Frameworks",
				);
				PRODUCT_BUNDLE_IDENTIFIER = "br.com.leonardoobaptistaa.Upcoming-MoviesTests";
				PRODUCT_NAME = "$(TARGET_NAME)";
				SWIFT_VERSION = 4.0;
				TARGETED_DEVICE_FAMILY = "1,2";
				TEST_HOST = "$(BUILT_PRODUCTS_DIR)/Upcoming Movies.app/Upcoming Movies";
			};
			name = Release;
		};
		7351776B213D8170008E7BB1 /* Debug */ = {
			isa = XCBuildConfiguration;
			baseConfigurationReference = 3747ABBB4051B2A776D5E471 /* Pods-Upcoming MoviesUITests.debug.xcconfig */;
			buildSettings = {
				ALWAYS_EMBED_SWIFT_STANDARD_LIBRARIES = YES;
				CODE_SIGN_STYLE = Automatic;
				INFOPLIST_FILE = "Upcoming MoviesUITests/Info.plist";
				LD_RUNPATH_SEARCH_PATHS = (
					"$(inherited)",
					"@executable_path/Frameworks",
					"@loader_path/Frameworks",
				);
				PRODUCT_BUNDLE_IDENTIFIER = "br.com.leonardoobaptistaa.Upcoming-MoviesUITests";
				PRODUCT_NAME = "$(TARGET_NAME)";
				SWIFT_VERSION = 4.0;
				TARGETED_DEVICE_FAMILY = "1,2";
				TEST_TARGET_NAME = "Upcoming Movies";
			};
			name = Debug;
		};
		7351776C213D8170008E7BB1 /* Release */ = {
			isa = XCBuildConfiguration;
			baseConfigurationReference = FB64BF06452191ABF684D6C2 /* Pods-Upcoming MoviesUITests.release.xcconfig */;
			buildSettings = {
				ALWAYS_EMBED_SWIFT_STANDARD_LIBRARIES = YES;
				CODE_SIGN_STYLE = Automatic;
				INFOPLIST_FILE = "Upcoming MoviesUITests/Info.plist";
				LD_RUNPATH_SEARCH_PATHS = (
					"$(inherited)",
					"@executable_path/Frameworks",
					"@loader_path/Frameworks",
				);
				PRODUCT_BUNDLE_IDENTIFIER = "br.com.leonardoobaptistaa.Upcoming-MoviesUITests";
				PRODUCT_NAME = "$(TARGET_NAME)";
				SWIFT_VERSION = 4.0;
				TARGETED_DEVICE_FAMILY = "1,2";
				TEST_TARGET_NAME = "Upcoming Movies";
			};
			name = Release;
		};
/* End XCBuildConfiguration section */

/* Begin XCConfigurationList section */
		73517737213D816E008E7BB1 /* Build configuration list for PBXProject "Upcoming Movies" */ = {
			isa = XCConfigurationList;
			buildConfigurations = (
				73517762213D8170008E7BB1 /* Debug */,
				73517763213D8170008E7BB1 /* Release */,
			);
			defaultConfigurationIsVisible = 0;
			defaultConfigurationName = Release;
		};
		73517764213D8170008E7BB1 /* Build configuration list for PBXNativeTarget "Upcoming Movies" */ = {
			isa = XCConfigurationList;
			buildConfigurations = (
				73517765213D8170008E7BB1 /* Debug */,
				73517766213D8170008E7BB1 /* Release */,
			);
			defaultConfigurationIsVisible = 0;
			defaultConfigurationName = Release;
		};
		73517767213D8170008E7BB1 /* Build configuration list for PBXNativeTarget "Upcoming MoviesTests" */ = {
			isa = XCConfigurationList;
			buildConfigurations = (
				73517768213D8170008E7BB1 /* Debug */,
				73517769213D8170008E7BB1 /* Release */,
			);
			defaultConfigurationIsVisible = 0;
			defaultConfigurationName = Release;
		};
		7351776A213D8170008E7BB1 /* Build configuration list for PBXNativeTarget "Upcoming MoviesUITests" */ = {
			isa = XCConfigurationList;
			buildConfigurations = (
				7351776B213D8170008E7BB1 /* Debug */,
				7351776C213D8170008E7BB1 /* Release */,
			);
			defaultConfigurationIsVisible = 0;
			defaultConfigurationName = Release;
		};
/* End XCConfigurationList section */
	};
	rootObject = 73517734213D816E008E7BB1 /* Project object */;
}
